
Microsoft Visual Studio Solution File, Format Version 12.00
# Visual Studio Version 17
VisualStudioVersion = 17.6.33829.357
MinimumVisualStudioVersion = 10.0.40219.1
Project("{2150E333-8FDC-42A3-9474-1A3956D46DE8}") = "FrontEnd", "FrontEnd", "{BCA9FF28-60F4-48EA-962B-7A2A4476D537}"
EndProject
Project("{2150E333-8FDC-42A3-9474-1A3956D46DE8}") = "Gateway", "Gateway", "{E6CBF5D2-9D6A-4A33-B014-1B1E56F6522D}"
EndProject
Project("{2150E333-8FDC-42A3-9474-1A3956D46DE8}") = "Intigration", "Intigration", "{491CEC2F-2C41-4FA2-BF90-A898F61FD4D3}"
EndProject
Project("{2150E333-8FDC-42A3-9474-1A3956D46DE8}") = "Services", "Services", "{DFF082A2-F451-4A81-BC04-FD4E3391264B}"
EndProject
Project("{9A19103F-16F7-4668-BE54-9A1E7A4F7556}") = "Microservices.Services.CouponAPI", "Microservices.Services.CouponAPI\Microservices.Services.CouponAPI.csproj", "{2D07F26F-3747-4A4D-854A-FDDEC4568B0C}"
EndProject
Project("{9A19103F-16F7-4668-BE54-9A1E7A4F7556}") = "Microservices.Web", "Microservices.Web\Microservices.Web.csproj", "{5B9C9B47-DCED-4C81-824F-E2DCBCF6C4EF}"
EndProject
Project("{9A19103F-16F7-4668-BE54-9A1E7A4F7556}") = "Microservices.Services.AuthAPI", "Microservices.Services.AuthAPI\Microservices.Services.AuthAPI.csproj", "{74D77857-F09E-4894-BCFF-89A8BB888C50}"
EndProject
Project("{9A19103F-16F7-4668-BE54-9A1E7A4F7556}") = "Microservices.Services.ProductAPI", "Microservices.Services.ProductAPI\Microservices.Services.ProductAPI.csproj", "{3DA16168-B05E-444B-A996-2286A0E3C2DE}"
EndProject
Project("{9A19103F-16F7-4668-BE54-9A1E7A4F7556}") = "Microservices.Services.CartAPI", "Microservices.Services.CartAPI\Microservices.Services.CartAPI.csproj", "{2BE782AF-D5F4-4196-8ECE-7BEFA252EF2F}"
EndProject
Project("{FAE04EC0-301F-11D3-BF4B-00C04F79EFBC}") = "Microservices.MessageBus", "Microservices.MessageBus\Microservices.MessageBus.csproj", "{7A9AE834-D0B6-41B3-BCBE-C334F78CCC30}"
EndProject
Global
	GlobalSection(SolutionConfigurationPlatforms) = preSolution
		Debug|Any CPU = Debug|Any CPU
		Release|Any CPU = Release|Any CPU
	EndGlobalSection
	GlobalSection(ProjectConfigurationPlatforms) = postSolution
		{2D07F26F-3747-4A4D-854A-FDDEC4568B0C}.Debug|Any CPU.ActiveCfg = Debug|Any CPU
		{2D07F26F-3747-4A4D-854A-FDDEC4568B0C}.Debug|Any CPU.Build.0 = Debug|Any CPU
		{2D07F26F-3747-4A4D-854A-FDDEC4568B0C}.Release|Any CPU.ActiveCfg = Release|Any CPU
		{2D07F26F-3747-4A4D-854A-FDDEC4568B0C}.Release|Any CPU.Build.0 = Release|Any CPU
		{5B9C9B47-DCED-4C81-824F-E2DCBCF6C4EF}.Debug|Any CPU.ActiveCfg = Debug|Any CPU
		{5B9C9B47-DCED-4C81-824F-E2DCBCF6C4EF}.Debug|Any CPU.Build.0 = Debug|Any CPU
		{5B9C9B47-DCED-4C81-824F-E2DCBCF6C4EF}.Release|Any CPU.ActiveCfg = Release|Any CPU
		{5B9C9B47-DCED-4C81-824F-E2DCBCF6C4EF}.Release|Any CPU.Build.0 = Release|Any CPU
		{74D77857-F09E-4894-BCFF-89A8BB888C50}.Debug|Any CPU.ActiveCfg = Debug|Any CPU
		{74D77857-F09E-4894-BCFF-89A8BB888C50}.Debug|Any CPU.Build.0 = Debug|Any CPU
		{74D77857-F09E-4894-BCFF-89A8BB888C50}.Release|Any CPU.ActiveCfg = Release|Any CPU
		{74D77857-F09E-4894-BCFF-89A8BB888C50}.Release|Any CPU.Build.0 = Release|Any CPU
		{3DA16168-B05E-444B-A996-2286A0E3C2DE}.Debug|Any CPU.ActiveCfg = Debug|Any CPU
		{3DA16168-B05E-444B-A996-2286A0E3C2DE}.Debug|Any CPU.Build.0 = Debug|Any CPU
		{3DA16168-B05E-444B-A996-2286A0E3C2DE}.Release|Any CPU.ActiveCfg = Release|Any CPU
		{3DA16168-B05E-444B-A996-2286A0E3C2DE}.Release|Any CPU.Build.0 = Release|Any CPU
		{2BE782AF-D5F4-4196-8ECE-7BEFA252EF2F}.Debug|Any CPU.ActiveCfg = Debug|Any CPU
		{2BE782AF-D5F4-4196-8ECE-7BEFA252EF2F}.Debug|Any CPU.Build.0 = Debug|Any CPU
		{2BE782AF-D5F4-4196-8ECE-7BEFA252EF2F}.Release|Any CPU.ActiveCfg = Release|Any CPU
		{2BE782AF-D5F4-4196-8ECE-7BEFA252EF2F}.Release|Any CPU.Build.0 = Release|Any CPU
		{7A9AE834-D0B6-41B3-BCBE-C334F78CCC30}.Debug|Any CPU.ActiveCfg = Debug|Any CPU
		{7A9AE834-D0B6-41B3-BCBE-C334F78CCC30}.Debug|Any CPU.Build.0 = Debug|Any CPU
		{7A9AE834-D0B6-41B3-BCBE-C334F78CCC30}.Release|Any CPU.ActiveCfg = Release|Any CPU
		{7A9AE834-D0B6-41B3-BCBE-C334F78CCC30}.Release|Any CPU.Build.0 = Release|Any CPU
	EndGlobalSection
	GlobalSection(SolutionProperties) = preSolution
		HideSolutionNode = FALSE
	EndGlobalSection
	GlobalSection(NestedProjects) = preSolution
		{2D07F26F-3747-4A4D-854A-FDDEC4568B0C} = {DFF082A2-F451-4A81-BC04-FD4E3391264B}
		{5B9C9B47-DCED-4C81-824F-E2DCBCF6C4EF} = {BCA9FF28-60F4-48EA-962B-7A2A4476D537}
		{74D77857-F09E-4894-BCFF-89A8BB888C50} = {DFF082A2-F451-4A81-BC04-FD4E3391264B}
		{3DA16168-B05E-444B-A996-2286A0E3C2DE} = {DFF082A2-F451-4A81-BC04-FD4E3391264B}
		{2BE782AF-D5F4-4196-8ECE-7BEFA252EF2F} = {DFF082A2-F451-4A81-BC04-FD4E3391264B}
		{7A9AE834-D0B6-41B3-BCBE-C334F78CCC30} = {491CEC2F-2C41-4FA2-BF90-A898F61FD4D3}
	EndGlobalSection
	GlobalSection(ExtensibilityGlobals) = postSolution
		SolutionGuid = {7DCA2972-FF92-41DF-B578-356AFDDFDA70}
	EndGlobalSection
EndGlobal
